{
  "nodes": {
    "dotfiles": {
      "flake": false,
      "locked": {
        "lastModified": 1781429375,
        "narHash": "sha256-UxCPWLQYFlPEyqqOJ+Xxv+SvYTo0JRA9d3DFqPtNCmg=",
        "ref": "refs/heads/main",
        "rev": "c04b0bbc8143a2b2166c1f699f7583cb28ff78fe",
        "revCount": 6281,
        "submodules": true,
        "type": "git",
        "url": "https://github.com/end-4/dots-hyprland"
      },
      "original": {
        "ref": "refs/heads/main",
        "rev": "c04b0bbc8143a2b2166c1f699f7583cb28ff78fe",
        "submodules": true,
        "type": "git",
        "url": "https://github.com/end-4/dots-hyprland"
      }
    },
    "flake-compat": {
      "flake": false,
      "locked": {
        "lastModified": 1767039857,
        "narHash": "sha256-vNpUSpF5Nuw8xvDLj2KCwwksIbjua2LZCqhV1LNRDns=",
        "owner": "NixOS",
        "repo": "flake-compat",
        "rev": "5edf11c44bc78a0d334f6334cdaf7d60d732daab",
        "type": "github"
      },
      "original": {
        "owner": "NixOS",
        "repo": "flake-compat",
        "type": "github"
      }
    },
    "flake-parts": {
      "inputs": {
        "nixpkgs-lib": "nixpkgs-lib"
      },
      "locked": {
        "lastModified": 1782949081,
        "narHash": "sha256-vp6Y/Grm98ESt6ceOkWiHWyZRDV3J1RID4w+6NWK9yA=",
        "owner": "hercules-ci",
        "repo": "flake-parts",
        "rev": "17c9d6cdfc60c64f4ee8d306f9bc0b4ccb51481e",
        "type": "github"
      },
      "original": {
        "owner": "hercules-ci",
        "repo": "flake-parts",
        "type": "github"
      }
    },
    "flake-parts_2": {
      "inputs": {
        "nixpkgs-lib": "nixpkgs-lib_2"
      },
      "locked": {
        "lastModified": 1778716662,
        "narHash": "sha256-m1Yf0wZ8j1OHjTc2UwHwyQRSnNeSgLJOd7q5Y45hzi4=",
        "owner": "hercules-ci",
        "repo": "flake-parts",
        "rev": "f7c1a2d347e4c52d5fb8d10cb4d94b5884e546fb",
        "type": "github"
      },
      "original": {
        "owner": "hercules-ci",
        "repo": "flake-parts",
        "type": "github"
      }
    },
    "flake-parts_3": {
      "inputs": {
        "nixpkgs-lib": [
          "nur",
          "nixpkgs"
        ]
      },
      "locked": {
        "lastModified": 1733312601,
        "narHash": "sha256-4pDvzqnegAfRkPwO3wmwBhVi/Sye1mzps0zHWYnP88c=",
        "owner": "hercules-ci",
        "repo": "flake-parts",
        "rev": "205b12d8b7cd4802fbcb8e8ef6a0f1408781a4f9",
        "type": "github"
      },
      "original": {
        "owner": "hercules-ci",
        "repo": "flake-parts",
        "type": "github"
      }
    },
    "git-hooks": {
      "inputs": {
        "flake-compat": "flake-compat",
        "nixpkgs": [
          "lsfg-vk",
          "nixpkgs"
        ]
      },
      "locked": {
        "lastModified": 1783008725,
        "narHash": "sha256-jGiy6+sxjNWXSjp25uoJuNfyH9zBK1PEDY0lVoL4ibQ=",
        "owner": "cachix",
        "repo": "git-hooks.nix",
        "rev": "bca82caa46d5ec0f5d422c61fb1e30bc51313cbe",
        "type": "github"
      },
      "original": {
        "owner": "cachix",
        "repo": "git-hooks.nix",
        "type": "github"
      }
    },
    "home-manager": {
      "inputs": {
        "nixpkgs": [
          "nixpkgs"
        ]
      },
      "locked": {
        "lastModified": 1783618078,
        "narHash": "sha256-F43DGcBoIO8xOZFAfodg3jy0VghB9NGdb6xbTYAIx1A=",
        "owner": "nix-community",
        "repo": "home-manager",
        "rev": "144f4e36d0186195037da9fce80a727108978070",
        "type": "github"
      },
      "original": {
        "owner": "nix-community",
        "ref": "master",
        "repo": "home-manager",
        "type": "github"
      }
    },
    "kanata-config": {
      "flake": false,
      "locked": {
        "lastModified": 1758474080,
        "narHash": "sha256-I0as6BW0Lrm09cZ0fFsb8E8YrvD9InuHg9cKjeR/46E=",
        "ref": "refs/heads/main",
        "rev": "c8135d5af3986fed5626852f5cfb0026ebf11ff0",
        "revCount": 26,
        "type": "git",
        "url": "ssh://git@github.com/TZProgrammer/kanata-configuration.git"
      },
      "original": {
        "type": "git",
        "url": "ssh://git@github.com/TZProgrammer/kanata-configuration.git"
      }
    },
    "lazyvim-config": {
      "flake": false,
      "locked": {
        "lastModified": 1770955851,
        "narHash": "sha256-tiO+WxCytDvjmJbvnYRC1sLBZuGAt+CE1IuutasVhgw=",
        "owner": "TZProgrammer",
        "repo": "LazyVim",
        "rev": "f965596772fe37e9c1a23c2ff53929eeca128dd6",
        "type": "github"
      },
      "original": {
        "owner": "TZProgrammer",
        "repo": "LazyVim",
        "type": "github"
      }
    },
    "lsfg-vk": {
      "inputs": {
        "flake-parts": "flake-parts",
        "git-hooks": "git-hooks",
        "nixpkgs": [
          "nixpkgs"
        ],
        "std": "std"
      },
      "locked": {
        "lastModified": 1783236408,
        "narHash": "sha256-muLtMizMwa3h/aGkcWd8iNwV7hX9RGLMirqvfKnUjbA=",
        "owner": "Daaboulex",
        "repo": "lsfg-vk-nix",
        "rev": "b5f066c0c7a00926abba6778a6bb5ad4d1579133",
        "type": "github"
      },
      "original": {
        "owner": "Daaboulex",
        "repo": "lsfg-vk-nix",
        "type": "github"
      }
    },
    "nixos-hardware": {
      "inputs": {
        "nixpkgs": "nixpkgs"
      },
      "locked": {
        "lastModified": 1783582157,
        "narHash": "sha256-EteIu2AVVbxzkBnBKjrbdknbpjxBkWTMNg02rXj4mgU=",
        "owner": "NixOS",
        "repo": "nixos-hardware",
        "rev": "968980fba2c290b5529025636474eae8457b854c",
        "type": "github"
      },
      "original": {
        "owner": "NixOS",
        "ref": "master",
        "repo": "nixos-hardware",
        "type": "github"
      }
    },
    "nixpkgs": {
      "locked": {
        "lastModified": 1767892417,
        "narHash": "sha256-8bW3q88CEg2u4hSP66Vf4lpbLonHz7hqDNBMcCY7E9U=",
        "rev": "3497aa5c9457a9d88d71fa93a4a8368816fbeeba",
        "type": "tarball",
        "url": "https://releases.nixos.org/nixos/unstable/nixos-26.05pre924538.3497aa5c9457/nixexprs.tar.xz"
      },
      "original": {
        "type": "tarball",
        "url": "https://channels.nixos.org/nixos-unstable/nixexprs.tar.xz"
      }
    },
    "nixpkgs-lib": {
      "locked": {
        "lastModified": 1782614948,
        "narHash": "sha256-ePjCwr1sNm9NYUqywL7QfK3JnlS015msC+eBu2zKlp8=",
        "owner": "nix-community",
        "repo": "nixpkgs.lib",
        "rev": "db3f255737b94216eb71cce308e2912cf6bc2d7c",
        "type": "github"
      },
      "original": {
        "owner": "nix-community",
        "repo": "nixpkgs.lib",
        "type": "github"
      }
    },
    "nixpkgs-lib_2": {
      "locked": {
        "lastModified": 1777168982,
        "narHash": "sha256-GOkGPcboWE9BmGCRMLX3worL4EMnsnG8MyKmXNeYuhQ=",
        "owner": "nix-community",
        "repo": "nixpkgs.lib",
        "rev": "f5901329dade4a6ea039af1433fb087bd9c1fe14",
        "type": "github"
      },
      "original": {
        "owner": "nix-community",
        "repo": "nixpkgs.lib",
        "type": "github"
      }
    },
    "nixpkgs_2": {
      "locked": {
        "lastModified": 1783224372,
        "narHash": "sha256-8i/87eeoqiGE4yOTjwSA3Eh/ziJRQEmd/unYU+K27sk=",
        "owner": "nixos",
        "repo": "nixpkgs",
        "rev": "d407951447dcd00442e97087bf374aad70c04cea",
        "type": "github"
      },
      "original": {
        "owner": "nixos",
        "ref": "nixos-unstable",
        "repo": "nixpkgs",
        "type": "github"
      }
    },
    "nur": {
      "inputs": {
        "flake-parts": "flake-parts_3",
        "nixpkgs": [
          "nixpkgs"
        ]
      },
      "locked": {
        "lastModified": 1769182372,
        "narHash": "sha256-I5WJ39YMaV+psYbli6rlUaiJOSoC2OwEXOF338d7zdE=",
        "owner": "nix-community",
        "repo": "NUR",
        "rev": "0e6e5ff852c442598d1ae8ca5f042947f123f798",
        "type": "github"
      },
      "original": {
        "owner": "nix-community",
        "repo": "NUR",
        "rev": "0e6e5ff852c442598d1ae8ca5f042947f123f798",
        "type": "github"
      }
    },
    "oh-my-tmux": {
      "flake": false,
      "locked": {
        "lastModified": 1771712748,
        "narHash": "sha256-nXm664l84YSwZeRM4Hsweqgz+OlpyfwXcgEdyNGhaGA=",
        "owner": "gpakosz",
        "repo": ".tmux",
        "rev": "af33f07134b76134acca9d01eacbdecca9c9cda6",
        "type": "github"
      },
      "original": {
        "owner": "gpakosz",
        "repo": ".tmux",
        "type": "github"
      }
    },
    "quickshell": {
      "inputs": {
        "nixpkgs": [
          "nixpkgs"
        ]
      },
      "locked": {
        "lastModified": 1768985439,
        "narHash": "sha256-qkU4r+l+UPz4dutMMRZSin64HuVZkEv9iFpu9yMWVY0=",
        "ref": "refs/heads/master",
        "rev": "191085a8821b35680bba16ce5411fc9dbe912237",
        "revCount": 731,
        "type": "git",
        "url": "https://git.outfoxxed.me/outfoxxed/quickshell"
      },
      "original": {
        "ref": "refs/heads/master",
        "rev": "191085a8821b35680bba16ce5411fc9dbe912237",
        "type": "git",
        "url": "https://git.outfoxxed.me/outfoxxed/quickshell"
      }
    },
    "root": {
      "inputs": {
        "dotfiles": "dotfiles",
        "home-manager": "home-manager",
        "kanata-config": "kanata-config",
        "lazyvim-config": "lazyvim-config",
        "lsfg-vk": "lsfg-vk",
        "nixos-hardware": "nixos-hardware",
        "nixpkgs": "nixpkgs_2",
        "nur": "nur",
        "oh-my-tmux": "oh-my-tmux",
        "quickshell": "quickshell",
        "tmux-config": "tmux-config",
        "zsh-config": "zsh-config"
      }
    },
    "std": {
      "inputs": {
        "flake-parts": "flake-parts_2",
        "git-hooks": [
          "lsfg-vk",
          "git-hooks"
        ],
        "nixpkgs": [
          "lsfg-vk",
          "nixpkgs"
        ]
      },
      "locked": {
        "lastModified": 1782735476,
        "narHash": "sha256-eNC8b2ABfFwzeOcGzQppAg9pjycQyZisJ37oSdeeO9s=",
        "owner": "Daaboulex",
        "repo": "nix-packaging-standard",
        "rev": "656b6843a0bd91cb995efb581a590a21e84f5693",
        "type": "github"
      },
      "original": {
        "owner": "Daaboulex",
        "ref": "v2.7.1",
        "repo": "nix-packaging-standard",
        "type": "github"
      }
    },
    "tmux-config": {
      "flake": false,
      "locked": {
        "lastModified": 1752750731,
        "narHash": "sha256-CCrt4Cw9I8vPhbWY2u1jvCD/HryiQHrPBjDURCSJ0ao=",
        "owner": "TZProgrammer",
        "repo": ".tmux",
        "rev": "6e01714832c38d0ba352f0af252750e40f53b206",
        "type": "github"
      },
      "original": {
        "owner": "TZProgrammer",
        "repo": ".tmux",
        "type": "github"
      }
    },
    "zsh-config": {
      "flake": false,
      "locked": {
        "lastModified": 1770957404,
        "narHash": "sha256-KCjlrTEGgFvyWXwGCU4alt/w7v4aVdbvrY7522YAbm8=",
        "owner": "TZProgrammer",
        "repo": "zshrc",
        "rev": "ffd758cf737551ab94b475b32d5de0af75e3c2fe",
        "type": "github"
      },
      "original": {
        "owner": "TZProgrammer",
        "repo": "zshrc",
        "type": "github"
      }
    }
  },
  "root": "root",
  "version": 7
}
