{
  "nodes": {
    "dotfiles": {
      "flake": false,
      "locked": {
        "lastModified": 1781429375,
        "narHash": "sha256-UxCPWLQYFlPEyqqOJ+Xxv+SvYTo0JRA9d3DFqPtNCmg=",
        "ref": "refs/heads/main",
        "rev": "c04b0bbc8143a2b2166c1f699f7583cb28ff78fe",
        "revCount": 6281,
        "submodules": true,
        "type": "git",
        "url": "https://github.com/end-4/dots-hyprland"
      },
      "original": {
        "ref": "refs/heads/main",
        "rev": "c04b0bbc8143a2b2166c1f699f7583cb28ff78fe",
        "submodules": true,
        "type": "git",
        "url": "https://github.com/end-4/dots-hyprland"
      }
    },
    "flake-compat": {
      "flake": false,
      "locked": {
        "lastModified": 1767039857,
        "narHash": "sha256-vNpUSpF5Nuw8xvDLj2KCwwksIbjua2LZCqhV1LNRDns=",
        "owner": "NixOS",
        "repo": "flake-compat",
        "rev": "5edf11c44bc78a0d334f6334cdaf7d60d732daab",
        "type": "github"
      },
      "original": {
        "owner": "NixOS",
        "repo": "flake-compat",
        "type": "github"
      }
    },
    "flake-parts": {
      "inputs": {
        "nixpkgs-lib": "nixpkgs-lib"
      },
      "locked": {
        "lastModified": 1790898470,
        "narHash": "sha256-zTwuwezD0w3hpga6a6P8emidzAZFyWqlNeRBlpWOOl8=",
        "owner": "hercules-ci",
        "repo": "flake-parts",
        "rev": "024633cd702b10285db5cb19b40ad48d2399ba60",
        "type": "github"
      },
      "original": {
        "owner": "hercules-ci",
        "repo": "flake-parts",
        "type": "github"
      }
    },
    "flake-parts_2": {
      "inputs": {
        "nixpkgs-lib": "nixpkgs-lib_2"
      },
      "locked": {
        "lastModified": 1788450739,
        "narHash": "sha256-glZLQlzIn1fXH6PazR2iUmTo7kzzyYSshrWhLS9TqCU=",
        "owner": "hercules-ci",
        "repo": "flake-parts",
        "rev": "31729ca8cbdb4fa927b34e5f4353e6a83f39e993",
        "type": "github"
      },
      "original": {
        "owner": "hercules-ci",
        "repo": "flake-parts",
        "type": "github"
      }
    },
    "flake-parts_3": {
      "inputs": {
        "nixpkgs-lib": [
          "nur",
          "nixpkgs"
        ]
      },
      "locked": {
        "lastModified": 1733312601,
        "narHash": "sha256-4pDvzqnegAfRkPwO3wmwBhVi/Sye1mzps0zHWYnP88c=",
        "owner": "hercules-ci",
        "repo": "flake-parts",
        "rev": "205b12d8b7cd4802fbcb8e8ef6a0f1408781a4f9",
        "type": "github"
      },
      "original": {
        "owner": "hercules-ci",
        "repo": "flake-parts",
        "type": "github"
      }
    },
    "git-hooks": {
      "inputs": {
        "flake-compat": "flake-compat",
        "nixpkgs": [
          "lsfg-vk",
          "nixpkgs"
        ]
      },
      "locked": {
        "lastModified": 1790500375,
        "narHash": "sha256-XN3sDtn8TU9hAc9xqZ+SqRB/HHm2wjxM6aSWYLJU+oo=",
        "owner": "cachix",
        "repo": "git-hooks.nix",
        "rev": "a0e4241b51206fbcbf52fd322eb5f0cd80f153c4",
        "type": "github"
      },
      "original": {
        "owner": "cachix",
        "repo": "git-hooks.nix",
        "type": "github"
      }
    },
    "home-manager": {
      "inputs": {
        "nixpkgs": [
          "nixpkgs"
        ]
      },
      "locked": {
        "lastModified": 1791306979,
        "narHash": "sha256-KuLePuhwJM9NLt/gTLHzXaOoSZKGoB3m7NfXjiQ98HY=",
        "owner": "nix-community",
        "repo": "home-manager",
        "rev": "fae6e9e42c3b762ab47635cddcfaf6f52374a61b",
        "type": "github"
      },
      "original": {
        "owner": "nix-community",
        "ref": "master",
        "repo": "home-manager",
        "type": "github"
      }
    },
    "kanata-config": {
      "flake": false,
      "locked": {
        "lastModified": 1791251963,
        "narHash": "sha256-3/2vmjX9rMf7SE4RtmoVgSGg21ujVTR/JSHhfEedSjY=",
        "ref": "refs/heads/main",
        "rev": "ba1a22b6e9f11c3031302134dc37b2f4b9798a5e",
        "revCount": 42,
        "type": "git",
        "url": "ssh://git@github.com/TZProgrammer/kanata-configuration.git"
      },
      "original": {
        "type": "git",
        "url": "ssh://git@github.com/TZProgrammer/kanata-configuration.git"
      }
    },
    "lazyvim-config": {
      "flake": false,
      "locked": {
        "lastModified": 1770955851,
        "narHash": "sha256-tiO+WxCytDvjmJbvnYRC1sLBZuGAt+CE1IuutasVhgw=",
        "owner": "TZProgrammer",
        "repo": "LazyVim",
        "rev": "f965596772fe37e9c1a23c2ff53929eeca128dd6",
        "type": "github"
      },
      "original": {
        "owner": "TZProgrammer",
        "repo": "LazyVim",
        "type": "github"
      }
    },
    "lsfg-vk": {
      "inputs": {
        "flake-parts": "flake-parts",
        "git-hooks": "git-hooks",
        "nixpkgs": [
          "nixpkgs"
        ],
        "std": "std"
      },
      "locked": {
        "lastModified": 1791110889,
        "narHash": "sha256-IzFNHztYqzYmW/ykdSw0DpA8/p/cLkIGyhesrHvcSrM=",
        "owner": "Daaboulex",
        "repo": "lsfg-vk-nix",
        "rev": "e9bdd1766bd8e488194e9f106bf73d40d902087f",
        "type": "github"
      },
      "original": {
        "owner": "Daaboulex",
        "repo": "lsfg-vk-nix",
        "type": "github"
      }
    },
    "nixos-hardware": {
      "inputs": {
        "nixpkgs": "nixpkgs"
      },
      "locked": {
        "lastModified": 1791128201,
        "narHash": "sha256-rlsYY/Dg/LhbIj51Aa6TLvRpZeb3KZgUTd7llQ5XcJE=",
        "owner": "NixOS",
        "repo": "nixos-hardware",
        "rev": "31cc5f4d9b9ba601071e8b8504601b9b176e2756",
        "type": "github"
      },
      "original": {
        "owner": "NixOS",
        "ref": "master",
        "repo": "nixos-hardware",
        "type": "github"
      }
    },
    "nixpkgs": {
      "locked": {
        "lastModified": 1789546076,
        "narHash": "sha256-vWkSk5bbfTqdtMoSgD9FshACO8JCvXTFi+3cqEp0mH0=",
        "rev": "b1b875982b17dabde9b4a37f3e229e74913e6db3",
        "type": "tarball",
        "url": "https://releases.nixos.org/nixos/unstable/nixos-26.11pre1074753.b1b875982b17/nixexprs.tar.xz"
      },
      "original": {
        "type": "tarball",
        "url": "https://channels.nixos.org/nixos-unstable/nixexprs.tar.xz"
      }
    },
    "nixpkgs-lib": {
      "locked": {
        "lastModified": 1790477367,
        "narHash": "sha256-oujbxmVKDhci2E4EM3KyAbRUgp5/IsCoiA/LfEF7OOk=",
        "owner": "nix-community",
        "repo": "nixpkgs.lib",
        "rev": "f7cd230690d9fc982d06129f9189b101fddcfa3b",
        "type": "github"
      },
      "original": {
        "owner": "nix-community",
        "repo": "nixpkgs.lib",
        "type": "github"
      }
    },
    "nixpkgs-lib_2": {
      "locked": {
        "lastModified": 1788057806,
        "narHash": "sha256-DTQSMxzDWmT0zhguthvegnVkn7CFqGCv4IHCzk5ZUpM=",
        "owner": "nix-community",
        "repo": "nixpkgs.lib",
        "rev": "596e2e3940e09b2abbeb03f75fa1828c57fcd72c",
        "type": "github"
      },
      "original": {
        "owner": "nix-community",
        "repo": "nixpkgs.lib",
        "type": "github"
      }
    },
    "nixpkgs_2": {
      "locked": {
        "lastModified": 1791260994,
        "narHash": "sha256-Miqqk/ammqnTUxaoCyvtwoPeLbI1ksFyLxi/CazZpWY=",
        "owner": "nixos",
        "repo": "nixpkgs",
        "rev": "151fa4e8ddfdd8dd25d945ad94ed54a13de9f6e4",
        "type": "github"
      },
      "original": {
        "owner": "nixos",
        "ref": "nixos-unstable",
        "repo": "nixpkgs",
        "type": "github"
      }
    },
    "nur": {
      "inputs": {
        "flake-parts": "flake-parts_3",
        "nixpkgs": [
          "nixpkgs"
        ]
      },
      "locked": {
        "lastModified": 1769182372,
        "narHash": "sha256-I5WJ39YMaV+psYbli6rlUaiJOSoC2OwEXOF338d7zdE=",
        "owner": "nix-community",
        "repo": "NUR",
        "rev": "0e6e5ff852c442598d1ae8ca5f042947f123f798",
        "type": "github"
      },
      "original": {
        "owner": "nix-community",
        "repo": "NUR",
        "rev": "0e6e5ff852c442598d1ae8ca5f042947f123f798",
        "type": "github"
      }
    },
    "oh-my-tmux": {
      "flake": false,
      "locked": {
        "lastModified": 1786203437,
        "narHash": "sha256-YDzbZVFhrAMBhOI8HVDxR3rEPkrEwG57IUbnZicmfn4=",
        "owner": "gpakosz",
        "repo": ".tmux",
        "rev": "58a3dcc0d718ec0fa1c0d5a2fddd640a1ad7a5b7",
        "type": "github"
      },
      "original": {
        "owner": "gpakosz",
        "repo": ".tmux",
        "type": "github"
      }
    },
    "quickshell": {
      "inputs": {
        "nixpkgs": [
          "nixpkgs"
        ]
      },
      "locked": {
        "lastModified": 1768985439,
        "narHash": "sha256-qkU4r+l+UPz4dutMMRZSin64HuVZkEv9iFpu9yMWVY0=",
        "ref": "refs/heads/master",
        "rev": "191085a8821b35680bba16ce5411fc9dbe912237",
        "revCount": 731,
        "type": "git",
        "url": "https://git.outfoxxed.me/outfoxxed/quickshell"
      },
      "original": {
        "ref": "refs/heads/master",
        "rev": "191085a8821b35680bba16ce5411fc9dbe912237",
        "type": "git",
        "url": "https://git.outfoxxed.me/outfoxxed/quickshell"
      }
    },
    "root": {
      "inputs": {
        "dotfiles": "dotfiles",
        "home-manager": "home-manager",
        "kanata-config": "kanata-config",
        "lazyvim-config": "lazyvim-config",
        "lsfg-vk": "lsfg-vk",
        "nixos-hardware": "nixos-hardware",
        "nixpkgs": "nixpkgs_2",
        "nur": "nur",
        "oh-my-tmux": "oh-my-tmux",
        "quickshell": "quickshell",
        "sops-nix": "sops-nix",
        "tmux-config": "tmux-config",
        "zsh-config": "zsh-config"
      }
    },
    "sops-nix": {
      "inputs": {
        "nixpkgs": [
          "nixpkgs"
        ]
      },
      "locked": {
        "lastModified": 1791103873,
        "narHash": "sha256-nFxM+pKoZ8LJAEnUXARyCaOAloWgaW9kZQOSjWzKcTE=",
        "owner": "Mic92",
        "repo": "sops-nix",
        "rev": "dcd241ba97088c22569d1573286e1b9daad340c0",
        "type": "github"
      },
      "original": {
        "owner": "Mic92",
        "repo": "sops-nix",
        "type": "github"
      }
    },
    "std": {
      "inputs": {
        "flake-parts": "flake-parts_2",
        "git-hooks": [
          "lsfg-vk",
          "git-hooks"
        ],
        "nixpkgs": [
          "lsfg-vk",
          "nixpkgs"
        ]
      },
      "locked": {
        "lastModified": 1790680785,
        "narHash": "sha256-nF4Sl2l32ZKLQaeNIF1B7knCdN6sz5X+pid6FRxJ1XM=",
        "owner": "Daaboulex",
        "repo": "nix-packaging-standard",
        "rev": "e242b56100b73bac042f90bea721432ed4cda493",
        "type": "github"
      },
      "original": {
        "owner": "Daaboulex",
        "ref": "v2.40.1",
        "repo": "nix-packaging-standard",
        "type": "github"
      }
    },
    "tmux-config": {
      "flake": false,
      "locked": {
        "lastModified": 1752750731,
        "narHash": "sha256-CCrt4Cw9I8vPhbWY2u1jvCD/HryiQHrPBjDURCSJ0ao=",
        "owner": "TZProgrammer",
        "repo": ".tmux",
        "rev": "6e01714832c38d0ba352f0af252750e40f53b206",
        "type": "github"
      },
      "original": {
        "owner": "TZProgrammer",
        "repo": ".tmux",
        "type": "github"
      }
    },
    "zsh-config": {
      "flake": false,
      "locked": {
        "lastModified": 1770957404,
        "narHash": "sha256-KCjlrTEGgFvyWXwGCU4alt/w7v4aVdbvrY7522YAbm8=",
        "owner": "TZProgrammer",
        "repo": "zshrc",
        "rev": "ffd758cf737551ab94b475b32d5de0af75e3c2fe",
        "type": "github"
      },
      "original": {
        "owner": "TZProgrammer",
        "repo": "zshrc",
        "type": "github"
      }
    }
  },
  "root": "root",
  "version": 7
}
